# This file is automatically @generated by Cargo.
# It is not intended for manual editing.
version = 4

[[package]]
name = "ulpx-core"
version = "0.1.0"

[[package]]
name = "ulpx-infer"
version = "0.1.0"
dependencies = [
 "ulpx-core",
]

[[package]]
name = "ulpx-ingest"
version = "0.1.0"

[[package]]
name = "ulpx-ir"
version = "0.1.0"
dependencies = [
 "ulpx-core",
]

[[package]]
name = "ulpx-mapping"
version = "0.1.0"
dependencies = [
 "ulpx-core",
 "ulpx-ir",
]
